// !$*UTF8*$!
{
	archiveVersion = 1;
	classes = {
	};
	objectVersion = 46;
	objects = {

/* Begin PBXFileReference section */
		41120B1C12F8C07300576FF7 /* mkconfig */ = {isa = PBXFileReference; fileEncoding = 4; lastKnownFileType = text; name = mkconfig; path = ../mkconfig; sourceTree = "<group>"; };
		41120B1D12F8C07300576FF7 /* mkfile */ = {isa = PBXFileReference; explicitFileType = text; fileEncoding = 4; name = mkfile; path = ../mkfile; sourceTree = "<group>"; };
		41120B1E12F8C07300576FF7 /* README.txt */ = {isa = PBXFileReference; fileEncoding = 4; lastKnownFileType = text; name = README.txt; path = ../README.txt; sourceTree = "<group>"; };
		411C4559133026E600A1C6DE /* mkfile */ = {isa = PBXFileReference; fileEncoding = 4; lastKnownFileType = text; path = mkfile; sourceTree = "<group>"; };
		411C455A133026E600A1C6DE /* testmodbus.b */ = {isa = PBXFileReference; explicitFileType = sourcecode.c; fileEncoding = 4; lineEnding = 0; path = testmodbus.b; sourceTree = "<group>"; xcLanguageSpecificationIdentifier = xcode.lang.c; };
		411C455C133026E600A1C6DE /* mkfile */ = {isa = PBXFileReference; fileEncoding = 4; lastKnownFileType = text; path = mkfile; sourceTree = "<group>"; };
		411C455D133026E600A1C6DE /* modbus.b */ = {isa = PBXFileReference; fileEncoding = 4; lastKnownFileType = sourcecode.limbo; lineEnding = 0; path = modbus.b; sourceTree = "<group>"; };
		411C4560133026E600A1C6DE /* mkfile */ = {isa = PBXFileReference; fileEncoding = 4; lastKnownFileType = text; path = mkfile; sourceTree = "<group>"; };
		411C4563133026E600A1C6DE /* modbus */ = {isa = PBXFileReference; fileEncoding = 4; lastKnownFileType = text; path = modbus; sourceTree = "<group>"; };
		411C4564133026E600A1C6DE /* mkfile */ = {isa = PBXFileReference; fileEncoding = 4; lastKnownFileType = text; path = mkfile; sourceTree = "<group>"; };
		411C4565133026E600A1C6DE /* mkman */ = {isa = PBXFileReference; fileEncoding = 4; lastKnownFileType = text; path = mkman; sourceTree = "<group>"; };
		411C4567133026E600A1C6DE /* mkfile */ = {isa = PBXFileReference; fileEncoding = 4; lastKnownFileType = text; path = mkfile; sourceTree = "<group>"; };
		411C4568133026E600A1C6DE /* mkmod */ = {isa = PBXFileReference; fileEncoding = 4; lastKnownFileType = text; path = mkmod; sourceTree = "<group>"; };
		411C4569133026E600A1C6DE /* modbus.m */ = {isa = PBXFileReference; fileEncoding = 4; lastKnownFileType = sourcecode.limbo; lineEnding = 0; path = modbus.m; sourceTree = "<group>"; xcLanguageSpecificationIdentifier = xcode.lang.objc; };
		41B6C9651455B92B004F364F /* LICENSE.txt */ = {isa = PBXFileReference; lastKnownFileType = text; name = LICENSE.txt; path = ../LICENSE.txt; sourceTree = "<group>"; };
/* End PBXFileReference section */

/* Begin PBXGroup section */
		41120B0812F8BF8200576FF7 = {
			isa = PBXGroup;
			children = (
				41B6C9651455B92B004F364F /* LICENSE.txt */,
				411C4557133026E600A1C6DE /* appl */,
				411C4561133026E600A1C6DE /* man */,
				411C4566133026E600A1C6DE /* module */,
				41120B1C12F8C07300576FF7 /* mkconfig */,
				41120B1D12F8C07300576FF7 /* mkfile */,
				41120B1E12F8C07300576FF7 /* README.txt */,
			);
			sourceTree = "<group>";
		};
		411C4557133026E600A1C6DE /* appl */ = {
			isa = PBXGroup;
			children = (
				411C4558133026E600A1C6DE /* cmd */,
				411C455B133026E600A1C6DE /* lib */,
				411C4560133026E600A1C6DE /* mkfile */,
			);
			name = appl;
			path = ../appl;
			sourceTree = "<group>";
		};
		411C4558133026E600A1C6DE /* cmd */ = {
			isa = PBXGroup;
			children = (
				411C4559133026E600A1C6DE /* mkfile */,
				411C455A133026E600A1C6DE /* testmodbus.b */,
			);
			path = cmd;
			sourceTree = "<group>";
		};
		411C455B133026E600A1C6DE /* lib */ = {
			isa = PBXGroup;
			children = (
				411C455C133026E600A1C6DE /* mkfile */,
				411C455D133026E600A1C6DE /* modbus.b */,
			);
			path = lib;
			sourceTree = "<group>";
		};
		411C4561133026E600A1C6DE /* man */ = {
			isa = PBXGroup;
			children = (
				411C4562133026E600A1C6DE /* 2 */,
				411C4564133026E600A1C6DE /* mkfile */,
				411C4565133026E600A1C6DE /* mkman */,
			);
			name = man;
			path = ../man;
			sourceTree = "<group>";
		};
		411C4562133026E600A1C6DE /* 2 */ = {
			isa = PBXGroup;
			children = (
				411C4563133026E600A1C6DE /* modbus */,
			);
			path = 2;
			sourceTree = "<group>";
		};
		411C4566133026E600A1C6DE /* module */ = {
			isa = PBXGroup;
			children = (
				411C4567133026E600A1C6DE /* mkfile */,
				411C4568133026E600A1C6DE /* mkmod */,
				411C4569133026E600A1C6DE /* modbus.m */,
			);
			name = module;
			path = ../module;
			sourceTree = "<group>";
		};
/* End PBXGroup section */

/* Begin PBXLegacyTarget section */
		41120B0F12F8BF8200576FF7 /* modbus */ = {
			isa = PBXLegacyTarget;
			buildArgumentsString = "$(ACTION)";
			buildConfigurationList = 41120B1212F8BF8200576FF7 /* Build configuration list for PBXLegacyTarget "modbus" */;
			buildPhases = (
			);
			buildToolPath = /usr/local/plan9/bin/mk;
			buildWorkingDirectory = ..;
			dependencies = (
			);
			name = modbus;
			passBuildSettingsInEnvironment = 1;
			productName = exactus;
		};
/* End PBXLegacyTarget section */

/* Begin PBXProject section */
		41120B0A12F8BF8200576FF7 /* Project object */ = {
			isa = PBXProject;
			attributes = {
				LastUpgradeCheck = 0420;
			};
			buildConfigurationList = 41120B0D12F8BF8200576FF7 /* Build configuration list for PBXProject "modbus" */;
			compatibilityVersion = "Xcode 3.2";
			developmentRegion = English;
			hasScannedForEncodings = 0;
			knownRegions = (
				en,
			);
			mainGroup = 41120B0812F8BF8200576FF7;
			projectDirPath = "";
			projectRoot = "";
			targets = (
				41120B0F12F8BF8200576FF7 /* modbus */,
			);
		};
/* End PBXProject section */

/* Begin XCBuildConfiguration section */
		41120B1012F8BF8200576FF7 /* Debug */ = {
			isa = XCBuildConfiguration;
			buildSettings = {
				ARCHS = "$(ARCHS_STANDARD_32_64_BIT)";
				GCC_C_LANGUAGE_STANDARD = gnu99;
				GCC_OPTIMIZATION_LEVEL = 0;
				GCC_PREPROCESSOR_DEFINITIONS = DEBUG;
				GCC_VERSION = com.apple.compilers.llvm.clang.1_0;
				GCC_WARN_ABOUT_RETURN_TYPE = YES;
				GCC_WARN_UNUSED_VARIABLE = YES;
				MACOSX_DEPLOYMENT_TARGET = 10.6;
				ONLY_ACTIVE_ARCH = YES;
				PATH = "$(PATH):/usr/local/bin:/usr/inferno/MacOSX/386/bin";
				SDKROOT = macosx;
			};
			name = Debug;
		};
		41120B1112F8BF8200576FF7 /* Release */ = {
			isa = XCBuildConfiguration;
			buildSettings = {
				ARCHS = "$(ARCHS_STANDARD_32_64_BIT)";
				GCC_C_LANGUAGE_STANDARD = gnu99;
				GCC_VERSION = com.apple.compilers.llvm.clang.1_0;
				GCC_WARN_ABOUT_RETURN_TYPE = YES;
				GCC_WARN_UNUSED_VARIABLE = YES;
				MACOSX_DEPLOYMENT_TARGET = 10.6;
				PATH = "$(PATH):/usr/local/bin:/usr/inferno/MacOSX/386/bin";
				SDKROOT = macosx;
			};
			name = Release;
		};
		41120B1312F8BF8200576FF7 /* Debug */ = {
			isa = XCBuildConfiguration;
			buildSettings = {
				ALWAYS_SEARCH_USER_PATHS = NO;
				COPY_PHASE_STRIP = NO;
				DEBUGGING_SYMBOLS = YES;
				GCC_DYNAMIC_NO_PIC = NO;
				GCC_ENABLE_OBJC_EXCEPTIONS = YES;
				GCC_GENERATE_DEBUGGING_SYMBOLS = YES;
				GCC_OPTIMIZATION_LEVEL = 0;
				OTHER_CFLAGS = "";
				OTHER_LDFLAGS = "";
				PRODUCT_NAME = "$(TARGET_NAME)";
				ROOT = /usr/inferno;
			};
			name = Debug;
		};
		41120B1412F8BF8200576FF7 /* Release */ = {
			isa = XCBuildConfiguration;
			buildSettings = {
				ALWAYS_SEARCH_USER_PATHS = NO;
				COPY_PHASE_STRIP = YES;
				DEBUG_INFORMATION_FORMAT = "dwarf-with-dsym";
				GCC_ENABLE_OBJC_EXCEPTIONS = YES;
				OTHER_CFLAGS = "";
				OTHER_LDFLAGS = "";
				PRODUCT_NAME = "$(TARGET_NAME)";
				ROOT = /usr/inferno;
			};
			name = Release;
		};
/* End XCBuildConfiguration section */

/* Begin XCConfigurationList section */
		41120B0D12F8BF8200576FF7 /* Build configuration list for PBXProject "modbus" */ = {
			isa = XCConfigurationList;
			buildConfigurations = (
				41120B1012F8BF8200576FF7 /* Debug */,
				41120B1112F8BF8200576FF7 /* Release */,
			);
			defaultConfigurationIsVisible = 0;
			defaultConfigurationName = Release;
		};
		41120B1212F8BF8200576FF7 /* Build configuration list for PBXLegacyTarget "modbus" */ = {
			isa = XCConfigurationList;
			buildConfigurations = (
				41120B1312F8BF8200576FF7 /* Debug */,
				41120B1412F8BF8200576FF7 /* Release */,
			);
			defaultConfigurationIsVisible = 0;
			defaultConfigurationName = Release;
		};
/* End XCConfigurationList section */
	};
	rootObject = 41120B0A12F8BF8200576FF7 /* Project object */;
}
